
Microsoft Visual Studio Solution File, Format Version 12.00
# Visual Studio 15
VisualStudioVersion = 15.0.27703.2026
MinimumVisualStudioVersion = 10.0.40219.1
Project("{FAE04EC0-301F-11D3-BF4B-00C04F79EFBC}") = "MagicGoldFish", "MagicGoldFish\MagicGoldFish.csproj", "{FD33B988-AC44-4719-8C01-8B725433CACF}"
EndProject
Project("{FAE04EC0-301F-11D3-BF4B-00C04F79EFBC}") = "LibMagic", "LibMagic\LibMagic.csproj", "{3589C4C1-B2CA-4A97-AF4D-464222DD9DCB}"
EndProject
Project("{FAE04EC0-301F-11D3-BF4B-00C04F79EFBC}") = "LibMagic.Tests", "LibMagic.Tests\LibMagic.Tests.csproj", "{4C40459F-CC26-45BA-9659-7F0CED5DC493}"
EndProject
Global
	GlobalSection(SolutionConfigurationPlatforms) = preSolution
		Debug|Any CPU = Debug|Any CPU
		Release|Any CPU = Release|Any CPU
	EndGlobalSection
	GlobalSection(ProjectConfigurationPlatforms) = postSolution
		{FD33B988-AC44-4719-8C01-8B725433CACF}.Debug|Any CPU.ActiveCfg = Debug|Any CPU
		{FD33B988-AC44-4719-8C01-8B725433CACF}.Debug|Any CPU.Build.0 = Debug|Any CPU
		{FD33B988-AC44-4719-8C01-8B725433CACF}.Release|Any CPU.ActiveCfg = Release|Any CPU
		{FD33B988-AC44-4719-8C01-8B725433CACF}.Release|Any CPU.Build.0 = Release|Any CPU
		{3589C4C1-B2CA-4A97-AF4D-464222DD9DCB}.Debug|Any CPU.ActiveCfg = Debug|Any CPU
		{3589C4C1-B2CA-4A97-AF4D-464222DD9DCB}.Debug|Any CPU.Build.0 = Debug|Any CPU
		{3589C4C1-B2CA-4A97-AF4D-464222DD9DCB}.Release|Any CPU.ActiveCfg = Release|Any CPU
		{3589C4C1-B2CA-4A97-AF4D-464222DD9DCB}.Release|Any CPU.Build.0 = Release|Any CPU
		{4C40459F-CC26-45BA-9659-7F0CED5DC493}.Debug|Any CPU.ActiveCfg = Debug|Any CPU
		{4C40459F-CC26-45BA-9659-7F0CED5DC493}.Debug|Any CPU.Build.0 = Debug|Any CPU
		{4C40459F-CC26-45BA-9659-7F0CED5DC493}.Release|Any CPU.ActiveCfg = Release|Any CPU
		{4C40459F-CC26-45BA-9659-7F0CED5DC493}.Release|Any CPU.Build.0 = Release|Any CPU
	EndGlobalSection
	GlobalSection(SolutionProperties) = preSolution
		HideSolutionNode = FALSE
	EndGlobalSection
	GlobalSection(ExtensibilityGlobals) = postSolution
		SolutionGuid = {67705260-AF65-4E7A-ABB6-67C941ADC000}
	EndGlobalSection
EndGlobal
